
Microsoft Visual Studio Solution File, Format Version 12.00
# Visual Studio Version 17
VisualStudioVersion = 17.5.002.0
MinimumVisualStudioVersion = 16.5.002.0
Project("{9A19103F-16F7-4668-BE54-9A1E7A4F7556}") = "Lab2", "Lab2\Lab2.csproj", "{E9446C24-4795-4B06-8594-43211C3B9E06}"
EndProject
Project("{9A19103F-16F7-4668-BE54-9A1E7A4F7556}") = "Lab3", "Lab3\Lab3.csproj", "{9A727A2E-87C8-45EC-AE4F-5117599FF962}"
EndProject
Project("{9A19103F-16F7-4668-BE54-9A1E7A4F7556}") = "Lab4", "Lab4\Lab4.csproj", "{F42B3B6F-83B3-4A44-B734-4FED75E308D4}"
EndProject
Project("{9A19103F-16F7-4668-BE54-9A1E7A4F7556}") = "Lab5_1", "Lab5_1\Lab5_1.csproj", "{F5B8838F-EDB5-4590-9033-B4536ABD0866}"
EndProject
Project("{9A19103F-16F7-4668-BE54-9A1E7A4F7556}") = "Lab5_2", "Lab5_2\Lab5_2.csproj", "{B52E7A78-208D-490D-AAD4-B15CFB9FEA08}"
EndProject
Project("{9A19103F-16F7-4668-BE54-9A1E7A4F7556}") = "Lab5_3", "Lab5_3\Lab5_3.csproj", "{CD321A9B-3EEF-47DA-A51C-9842765E08B7}"
EndProject
Project("{9A19103F-16F7-4668-BE54-9A1E7A4F7556}") = "Lab6_9", "Lab6_9\Lab6_9.csproj", "{6845B0D3-5016-435B-B3DD-721D16118CF2}"
EndProject
Project("{8BC9CEB8-8B4A-11D0-8D11-00A0C91BC942}") = "Lab11", "Lab11\Lab11.vcxproj", "{ADC2FE8F-05C2-4928-8535-6A12E6AE7452}"
EndProject
Global
	GlobalSection(SolutionConfigurationPlatforms) = preSolution
		Debug|Any CPU = Debug|Any CPU
		Debug|x64 = Debug|x64
		Debug|x86 = Debug|x86
		Release|Any CPU = Release|Any CPU
		Release|x64 = Release|x64
		Release|x86 = Release|x86
	EndGlobalSection
	GlobalSection(ProjectConfigurationPlatforms) = postSolution
		{E9446C24-4795-4B06-8594-43211C3B9E06}.Debug|Any CPU.ActiveCfg = Debug|Any CPU
		{E9446C24-4795-4B06-8594-43211C3B9E06}.Debug|Any CPU.Build.0 = Debug|Any CPU
		{E9446C24-4795-4B06-8594-43211C3B9E06}.Debug|x64.ActiveCfg = Debug|Any CPU
		{E9446C24-4795-4B06-8594-43211C3B9E06}.Debug|x64.Build.0 = Debug|Any CPU
		{E9446C24-4795-4B06-8594-43211C3B9E06}.Debug|x86.ActiveCfg = Debug|Any CPU
		{E9446C24-4795-4B06-8594-43211C3B9E06}.Debug|x86.Build.0 = Debug|Any CPU
		{E9446C24-4795-4B06-8594-43211C3B9E06}.Release|Any CPU.ActiveCfg = Release|Any CPU
		{E9446C24-4795-4B06-8594-43211C3B9E06}.Release|Any CPU.Build.0 = Release|Any CPU
		{E9446C24-4795-4B06-8594-43211C3B9E06}.Release|x64.ActiveCfg = Release|Any CPU
		{E9446C24-4795-4B06-8594-43211C3B9E06}.Release|x64.Build.0 = Release|Any CPU
		{E9446C24-4795-4B06-8594-43211C3B9E06}.Release|x86.ActiveCfg = Release|Any CPU
		{E9446C24-4795-4B06-8594-43211C3B9E06}.Release|x86.Build.0 = Release|Any CPU
		{9A727A2E-87C8-45EC-AE4F-5117599FF962}.Debug|Any CPU.ActiveCfg = Debug|Any CPU
		{9A727A2E-87C8-45EC-AE4F-5117599FF962}.Debug|Any CPU.Build.0 = Debug|Any CPU
		{9A727A2E-87C8-45EC-AE4F-5117599FF962}.Debug|x64.ActiveCfg = Debug|Any CPU
		{9A727A2E-87C8-45EC-AE4F-5117599FF962}.Debug|x64.Build.0 = Debug|Any CPU
		{9A727A2E-87C8-45EC-AE4F-5117599FF962}.Debug|x86.ActiveCfg = Debug|Any CPU
		{9A727A2E-87C8-45EC-AE4F-5117599FF962}.Debug|x86.Build.0 = Debug|Any CPU
		{9A727A2E-87C8-45EC-AE4F-5117599FF962}.Release|Any CPU.ActiveCfg = Release|Any CPU
		{9A727A2E-87C8-45EC-AE4F-5117599FF962}.Release|Any CPU.Build.0 = Release|Any CPU
		{9A727A2E-87C8-45EC-AE4F-5117599FF962}.Release|x64.ActiveCfg = Release|Any CPU
		{9A727A2E-87C8-45EC-AE4F-5117599FF962}.Release|x64.Build.0 = Release|Any CPU
		{9A727A2E-87C8-45EC-AE4F-5117599FF962}.Release|x86.ActiveCfg = Release|Any CPU
		{9A727A2E-87C8-45EC-AE4F-5117599FF962}.Release|x86.Build.0 = Release|Any CPU
		{F42B3B6F-83B3-4A44-B734-4FED75E308D4}.Debug|Any CPU.ActiveCfg = Debug|Any CPU
		{F42B3B6F-83B3-4A44-B734-4FED75E308D4}.Debug|Any CPU.Build.0 = Debug|Any CPU
		{F42B3B6F-83B3-4A44-B734-4FED75E308D4}.Debug|x64.ActiveCfg = Debug|Any CPU
		{F42B3B6F-83B3-4A44-B734-4FED75E308D4}.Debug|x64.Build.0 = Debug|Any CPU
		{F42B3B6F-83B3-4A44-B734-4FED75E308D4}.Debug|x86.ActiveCfg = Debug|Any CPU
		{F42B3B6F-83B3-4A44-B734-4FED75E308D4}.Debug|x86.Build.0 = Debug|Any CPU
		{F42B3B6F-83B3-4A44-B734-4FED75E308D4}.Release|Any CPU.ActiveCfg = Release|Any CPU
		{F42B3B6F-83B3-4A44-B734-4FED75E308D4}.Release|Any CPU.Build.0 = Release|Any CPU
		{F42B3B6F-83B3-4A44-B734-4FED75E308D4}.Release|x64.ActiveCfg = Release|Any CPU
		{F42B3B6F-83B3-4A44-B734-4FED75E308D4}.Release|x64.Build.0 = Release|Any CPU
		{F42B3B6F-83B3-4A44-B734-4FED75E308D4}.Release|x86.ActiveCfg = Release|Any CPU
		{F42B3B6F-83B3-4A44-B734-4FED75E308D4}.Release|x86.Build.0 = Release|Any CPU
		{F5B8838F-EDB5-4590-9033-B4536ABD0866}.Debug|Any CPU.ActiveCfg = Debug|Any CPU
		{F5B8838F-EDB5-4590-9033-B4536ABD0866}.Debug|Any CPU.Build.0 = Debug|Any CPU
		{F5B8838F-EDB5-4590-9033-B4536ABD0866}.Debug|x64.ActiveCfg = Debug|Any CPU
		{F5B8838F-EDB5-4590-9033-B4536ABD0866}.Debug|x64.Build.0 = Debug|Any CPU
		{F5B8838F-EDB5-4590-9033-B4536ABD0866}.Debug|x86.ActiveCfg = Debug|Any CPU
		{F5B8838F-EDB5-4590-9033-B4536ABD0866}.Debug|x86.Build.0 = Debug|Any CPU
		{F5B8838F-EDB5-4590-9033-B4536ABD0866}.Release|Any CPU.ActiveCfg = Release|Any CPU
		{F5B8838F-EDB5-4590-9033-B4536ABD0866}.Release|Any CPU.Build.0 = Release|Any CPU
		{F5B8838F-EDB5-4590-9033-B4536ABD0866}.Release|x64.ActiveCfg = Release|Any CPU
		{F5B8838F-EDB5-4590-9033-B4536ABD0866}.Release|x64.Build.0 = Release|Any CPU
		{F5B8838F-EDB5-4590-9033-B4536ABD0866}.Release|x86.ActiveCfg = Release|Any CPU
		{F5B8838F-EDB5-4590-9033-B4536ABD0866}.Release|x86.Build.0 = Release|Any CPU
		{B52E7A78-208D-490D-AAD4-B15CFB9FEA08}.Debug|Any CPU.ActiveCfg = Debug|Any CPU
		{B52E7A78-208D-490D-AAD4-B15CFB9FEA08}.Debug|Any CPU.Build.0 = Debug|Any CPU
		{B52E7A78-208D-490D-AAD4-B15CFB9FEA08}.Debug|x64.ActiveCfg = Debug|Any CPU
		{B52E7A78-208D-490D-AAD4-B15CFB9FEA08}.Debug|x64.Build.0 = Debug|Any CPU
		{B52E7A78-208D-490D-AAD4-B15CFB9FEA08}.Debug|x86.ActiveCfg = Debug|Any CPU
		{B52E7A78-208D-490D-AAD4-B15CFB9FEA08}.Debug|x86.Build.0 = Debug|Any CPU
		{B52E7A78-208D-490D-AAD4-B15CFB9FEA08}.Release|Any CPU.ActiveCfg = Release|Any CPU
		{B52E7A78-208D-490D-AAD4-B15CFB9FEA08}.Release|Any CPU.Build.0 = Release|Any CPU
		{B52E7A78-208D-490D-AAD4-B15CFB9FEA08}.Release|x64.ActiveCfg = Release|Any CPU
		{B52E7A78-208D-490D-AAD4-B15CFB9FEA08}.Release|x64.Build.0 = Release|Any CPU
		{B52E7A78-208D-490D-AAD4-B15CFB9FEA08}.Release|x86.ActiveCfg = Release|Any CPU
		{B52E7A78-208D-490D-AAD4-B15CFB9FEA08}.Release|x86.Build.0 = Release|Any CPU
		{CD321A9B-3EEF-47DA-A51C-9842765E08B7}.Debug|Any CPU.ActiveCfg = Debug|Any CPU
		{CD321A9B-3EEF-47DA-A51C-9842765E08B7}.Debug|Any CPU.Build.0 = Debug|Any CPU
		{CD321A9B-3EEF-47DA-A51C-9842765E08B7}.Debug|x64.ActiveCfg = Debug|Any CPU
		{CD321A9B-3EEF-47DA-A51C-9842765E08B7}.Debug|x64.Build.0 = Debug|Any CPU
		{CD321A9B-3EEF-47DA-A51C-9842765E08B7}.Debug|x86.ActiveCfg = Debug|Any CPU
		{CD321A9B-3EEF-47DA-A51C-9842765E08B7}.Debug|x86.Build.0 = Debug|Any CPU
		{CD321A9B-3EEF-47DA-A51C-9842765E08B7}.Release|Any CPU.ActiveCfg = Release|Any CPU
		{CD321A9B-3EEF-47DA-A51C-9842765E08B7}.Release|Any CPU.Build.0 = Release|Any CPU
		{CD321A9B-3EEF-47DA-A51C-9842765E08B7}.Release|x64.ActiveCfg = Release|Any CPU
		{CD321A9B-3EEF-47DA-A51C-9842765E08B7}.Release|x64.Build.0 = Release|Any CPU
		{CD321A9B-3EEF-47DA-A51C-9842765E08B7}.Release|x86.ActiveCfg = Release|Any CPU
		{CD321A9B-3EEF-47DA-A51C-9842765E08B7}.Release|x86.Build.0 = Release|Any CPU
		{6845B0D3-5016-435B-B3DD-721D16118CF2}.Debug|Any CPU.ActiveCfg = Debug|Any CPU
		{6845B0D3-5016-435B-B3DD-721D16118CF2}.Debug|Any CPU.Build.0 = Debug|Any CPU
		{6845B0D3-5016-435B-B3DD-721D16118CF2}.Debug|x64.ActiveCfg = Debug|Any CPU
		{6845B0D3-5016-435B-B3DD-721D16118CF2}.Debug|x64.Build.0 = Debug|Any CPU
		{6845B0D3-5016-435B-B3DD-721D16118CF2}.Debug|x86.ActiveCfg = Debug|Any CPU
		{6845B0D3-5016-435B-B3DD-721D16118CF2}.Debug|x86.Build.0 = Debug|Any CPU
		{6845B0D3-5016-435B-B3DD-721D16118CF2}.Release|Any CPU.ActiveCfg = Release|Any CPU
		{6845B0D3-5016-435B-B3DD-721D16118CF2}.Release|Any CPU.Build.0 = Release|Any CPU
		{6845B0D3-5016-435B-B3DD-721D16118CF2}.Release|x64.ActiveCfg = Release|Any CPU
		{6845B0D3-5016-435B-B3DD-721D16118CF2}.Release|x64.Build.0 = Release|Any CPU
		{6845B0D3-5016-435B-B3DD-721D16118CF2}.Release|x86.ActiveCfg = Release|Any CPU
		{6845B0D3-5016-435B-B3DD-721D16118CF2}.Release|x86.Build.0 = Release|Any CPU
		{ADC2FE8F-05C2-4928-8535-6A12E6AE7452}.Debug|Any CPU.ActiveCfg = Debug|x64
		{ADC2FE8F-05C2-4928-8535-6A12E6AE7452}.Debug|Any CPU.Build.0 = Debug|x64
		{ADC2FE8F-05C2-4928-8535-6A12E6AE7452}.Debug|x64.ActiveCfg = Debug|x64
		{ADC2FE8F-05C2-4928-8535-6A12E6AE7452}.Debug|x64.Build.0 = Debug|x64
		{ADC2FE8F-05C2-4928-8535-6A12E6AE7452}.Debug|x86.ActiveCfg = Debug|Win32
		{ADC2FE8F-05C2-4928-8535-6A12E6AE7452}.Debug|x86.Build.0 = Debug|Win32
		{ADC2FE8F-05C2-4928-8535-6A12E6AE7452}.Release|Any CPU.ActiveCfg = Release|x64
		{ADC2FE8F-05C2-4928-8535-6A12E6AE7452}.Release|Any CPU.Build.0 = Release|x64
		{ADC2FE8F-05C2-4928-8535-6A12E6AE7452}.Release|x64.ActiveCfg = Release|x64
		{ADC2FE8F-05C2-4928-8535-6A12E6AE7452}.Release|x64.Build.0 = Release|x64
		{ADC2FE8F-05C2-4928-8535-6A12E6AE7452}.Release|x86.ActiveCfg = Release|Win32
		{ADC2FE8F-05C2-4928-8535-6A12E6AE7452}.Release|x86.Build.0 = Release|Win32
	EndGlobalSection
	GlobalSection(SolutionProperties) = preSolution
		HideSolutionNode = FALSE
	EndGlobalSection
	GlobalSection(ExtensibilityGlobals) = postSolution
		SolutionGuid = {0420A882-2BAD-4100-BAAA-B157DF30E9AD}
	EndGlobalSection
EndGlobal
